
Microsoft Visual Studio Solution File, Format Version 12.00
# Visual Studio 2012
Project("{FAE04EC0-301F-11D3-BF4B-00C04F79EFBC}") = "NavigationBackMVVM", "NavigationBackMVVM\NavigationBackMVVM.csproj", "{333CFE0D-F1BD-40EF-AD00-AA214D8793FF}"
EndProject
Project("{FAE04EC0-301F-11D3-BF4B-00C04F79EFBC}") = "NavigationBackMVVM.iOS", "iOS\NavigationBackMVVM.iOS.csproj", "{48AD1C7E-E7A5-49E4-826F-74E5773F8A8C}"
EndProject
Project("{FAE04EC0-301F-11D3-BF4B-00C04F79EFBC}") = "NavigationBackMVVM.Droid", "Droid\NavigationBackMVVM.Droid.csproj", "{6C5EB8D8-8CFC-41B8-99C6-1B3ECC681CC6}"
EndProject
Global
	GlobalSection(SolutionConfigurationPlatforms) = preSolution
		Debug|Any CPU = Debug|Any CPU
		Release|Any CPU = Release|Any CPU
		Debug|iPhoneSimulator = Debug|iPhoneSimulator
		Release|iPhone = Release|iPhone
		Release|iPhoneSimulator = Release|iPhoneSimulator
		Debug|iPhone = Debug|iPhone
	EndGlobalSection
	GlobalSection(ProjectConfigurationPlatforms) = postSolution
		{333CFE0D-F1BD-40EF-AD00-AA214D8793FF}.Debug|Any CPU.ActiveCfg = Debug|Any CPU
		{333CFE0D-F1BD-40EF-AD00-AA214D8793FF}.Debug|Any CPU.Build.0 = Debug|Any CPU
		{333CFE0D-F1BD-40EF-AD00-AA214D8793FF}.Release|Any CPU.ActiveCfg = Release|Any CPU
		{333CFE0D-F1BD-40EF-AD00-AA214D8793FF}.Release|Any CPU.Build.0 = Release|Any CPU
		{333CFE0D-F1BD-40EF-AD00-AA214D8793FF}.Debug|iPhoneSimulator.ActiveCfg = Debug|Any CPU
		{333CFE0D-F1BD-40EF-AD00-AA214D8793FF}.Debug|iPhoneSimulator.Build.0 = Debug|Any CPU
		{333CFE0D-F1BD-40EF-AD00-AA214D8793FF}.Release|iPhone.ActiveCfg = Release|Any CPU
		{333CFE0D-F1BD-40EF-AD00-AA214D8793FF}.Release|iPhone.Build.0 = Release|Any CPU
		{333CFE0D-F1BD-40EF-AD00-AA214D8793FF}.Release|iPhoneSimulator.ActiveCfg = Release|Any CPU
		{333CFE0D-F1BD-40EF-AD00-AA214D8793FF}.Release|iPhoneSimulator.Build.0 = Release|Any CPU
		{333CFE0D-F1BD-40EF-AD00-AA214D8793FF}.Debug|iPhone.ActiveCfg = Debug|Any CPU
		{333CFE0D-F1BD-40EF-AD00-AA214D8793FF}.Debug|iPhone.Build.0 = Debug|Any CPU
		{48AD1C7E-E7A5-49E4-826F-74E5773F8A8C}.Debug|Any CPU.ActiveCfg = Debug|iPhoneSimulator
		{48AD1C7E-E7A5-49E4-826F-74E5773F8A8C}.Debug|Any CPU.Build.0 = Debug|iPhoneSimulator
		{48AD1C7E-E7A5-49E4-826F-74E5773F8A8C}.Release|Any CPU.ActiveCfg = Release|iPhone
		{48AD1C7E-E7A5-49E4-826F-74E5773F8A8C}.Release|Any CPU.Build.0 = Release|iPhone
		{48AD1C7E-E7A5-49E4-826F-74E5773F8A8C}.Debug|iPhoneSimulator.ActiveCfg = Debug|iPhoneSimulator
		{48AD1C7E-E7A5-49E4-826F-74E5773F8A8C}.Debug|iPhoneSimulator.Build.0 = Debug|iPhoneSimulator
		{48AD1C7E-E7A5-49E4-826F-74E5773F8A8C}.Release|iPhone.ActiveCfg = Release|iPhone
		{48AD1C7E-E7A5-49E4-826F-74E5773F8A8C}.Release|iPhone.Build.0 = Release|iPhone
		{48AD1C7E-E7A5-49E4-826F-74E5773F8A8C}.Release|iPhoneSimulator.ActiveCfg = Release|iPhoneSimulator
		{48AD1C7E-E7A5-49E4-826F-74E5773F8A8C}.Release|iPhoneSimulator.Build.0 = Release|iPhoneSimulator
		{48AD1C7E-E7A5-49E4-826F-74E5773F8A8C}.Debug|iPhone.ActiveCfg = Debug|iPhone
		{48AD1C7E-E7A5-49E4-826F-74E5773F8A8C}.Debug|iPhone.Build.0 = Debug|iPhone
		{6C5EB8D8-8CFC-41B8-99C6-1B3ECC681CC6}.Debug|Any CPU.ActiveCfg = Debug|Any CPU
		{6C5EB8D8-8CFC-41B8-99C6-1B3ECC681CC6}.Debug|Any CPU.Build.0 = Debug|Any CPU
		{6C5EB8D8-8CFC-41B8-99C6-1B3ECC681CC6}.Release|Any CPU.ActiveCfg = Release|Any CPU
		{6C5EB8D8-8CFC-41B8-99C6-1B3ECC681CC6}.Release|Any CPU.Build.0 = Release|Any CPU
		{6C5EB8D8-8CFC-41B8-99C6-1B3ECC681CC6}.Debug|iPhoneSimulator.ActiveCfg = Debug|Any CPU
		{6C5EB8D8-8CFC-41B8-99C6-1B3ECC681CC6}.Debug|iPhoneSimulator.Build.0 = Debug|Any CPU
		{6C5EB8D8-8CFC-41B8-99C6-1B3ECC681CC6}.Release|iPhone.ActiveCfg = Release|Any CPU
		{6C5EB8D8-8CFC-41B8-99C6-1B3ECC681CC6}.Release|iPhone.Build.0 = Release|Any CPU
		{6C5EB8D8-8CFC-41B8-99C6-1B3ECC681CC6}.Release|iPhoneSimulator.ActiveCfg = Release|Any CPU
		{6C5EB8D8-8CFC-41B8-99C6-1B3ECC681CC6}.Release|iPhoneSimulator.Build.0 = Release|Any CPU
		{6C5EB8D8-8CFC-41B8-99C6-1B3ECC681CC6}.Debug|iPhone.ActiveCfg = Debug|Any CPU
		{6C5EB8D8-8CFC-41B8-99C6-1B3ECC681CC6}.Debug|iPhone.Build.0 = Debug|Any CPU
	EndGlobalSection
EndGlobal
